
Microsoft Visual Studio Solution File, Format Version 12.00
# Visual Studio Version 17
VisualStudioVersion = 17.8.34511.84
MinimumVisualStudioVersion = 10.0.40219.1
Project("{9A19103F-16F7-4668-BE54-9A1E7A4F7556}") = "FootballProject", "FootballProject\FootballProject.csproj", "{7CED32BD-4058-4D76-A917-F96EFD1AD17B}"
EndProject
Project("{2150E333-8FDC-42A3-9474-1A3956D46DE8}") = "Solution Items", "Solution Items", "{22818361-F753-4A60-80AA-FA90B34060B8}"
	ProjectSection(SolutionItems) = preProject
		.editorconfig = .editorconfig
	EndProjectSection
EndProject
Global
	GlobalSection(SolutionConfigurationPlatforms) = preSolution
		Debug|Any CPU = Debug|Any CPU
		Release|Any CPU = Release|Any CPU
	EndGlobalSection
	GlobalSection(ProjectConfigurationPlatforms) = postSolution
		{7CED32BD-4058-4D76-A917-F96EFD1AD17B}.Debug|Any CPU.ActiveCfg = Debug|Any CPU
		{7CED32BD-4058-4D76-A917-F96EFD1AD17B}.Debug|Any CPU.Build.0 = Debug|Any CPU
		{7CED32BD-4058-4D76-A917-F96EFD1AD17B}.Release|Any CPU.ActiveCfg = Release|Any CPU
		{7CED32BD-4058-4D76-A917-F96EFD1AD17B}.Release|Any CPU.Build.0 = Release|Any CPU
	EndGlobalSection
	GlobalSection(SolutionProperties) = preSolution
		HideSolutionNode = FALSE
	EndGlobalSection
	GlobalSection(ExtensibilityGlobals) = postSolution
		SolutionGuid = {000725C4-43C9-4919-9E8E-FACD86CFED79}
	EndGlobalSection
EndGlobal
